
Microsoft Visual Studio Solution File, Format Version 12.00
# Visual Studio 14
VisualStudioVersion = 14.0.25420.1
MinimumVisualStudioVersion = 10.0.40219.1
Project("{FAE04EC0-301F-11D3-BF4B-00C04F79EFBC}") = "Congo.Web", "Congo.Web\Congo.Web.csproj", "{4F2B9D5F-F119-4FF2-96C3-5A3A5954CFE2}"
EndProject
Global
	GlobalSection(SolutionConfigurationPlatforms) = preSolution
		Debug|Any CPU = Debug|Any CPU
		Release|Any CPU = Release|Any CPU
	EndGlobalSection
	GlobalSection(ProjectConfigurationPlatforms) = postSolution
		{4F2B9D5F-F119-4FF2-96C3-5A3A5954CFE2}.Debug|Any CPU.ActiveCfg = Debug|Any CPU
		{4F2B9D5F-F119-4FF2-96C3-5A3A5954CFE2}.Debug|Any CPU.Build.0 = Debug|Any CPU
		{4F2B9D5F-F119-4FF2-96C3-5A3A5954CFE2}.Release|Any CPU.ActiveCfg = Release|Any CPU
		{4F2B9D5F-F119-4FF2-96C3-5A3A5954CFE2}.Release|Any CPU.Build.0 = Release|Any CPU
	EndGlobalSection
	GlobalSection(SolutionProperties) = preSolution
		HideSolutionNode = FALSE
	EndGlobalSection
EndGlobal
